
Microsoft Visual Studio Solution File, Format Version 12.00
# Visual Studio Version 17
VisualStudioVersion = 17.9.34321.82
MinimumVisualStudioVersion = 10.0.40219.1
Project("{FAE04EC0-301F-11D3-BF4B-00C04F79EFBC}") = "ShopWeb", "ShopWeb\ShopWeb.csproj", "{51BC8065-E8F5-46F0-B418-5A67FB419198}"
EndProject
Global
	GlobalSection(SolutionConfigurationPlatforms) = preSolution
		Debug|Any CPU = Debug|Any CPU
		Release|Any CPU = Release|Any CPU
	EndGlobalSection
	GlobalSection(ProjectConfigurationPlatforms) = postSolution
		{51BC8065-E8F5-46F0-B418-5A67FB419198}.Debug|Any CPU.ActiveCfg = Debug|Any CPU
		{51BC8065-E8F5-46F0-B418-5A67FB419198}.Debug|Any CPU.Build.0 = Debug|Any CPU
		{51BC8065-E8F5-46F0-B418-5A67FB419198}.Release|Any CPU.ActiveCfg = Release|Any CPU
		{51BC8065-E8F5-46F0-B418-5A67FB419198}.Release|Any CPU.Build.0 = Release|Any CPU
	EndGlobalSection
	GlobalSection(SolutionProperties) = preSolution
		HideSolutionNode = FALSE
	EndGlobalSection
	GlobalSection(ExtensibilityGlobals) = postSolution
		SolutionGuid = {2E0F06F5-E7B2-4006-A081-A85337E368AA}
	EndGlobalSection
EndGlobal
